// !$*UTF8*$!
{
	archiveVersion = 1;
	classes = {
	};
	objectVersion = 46;
	objects = {

/* Begin PBXBuildFile section */
		42991D0E1BAB6AD400CB04AB /* main.cpp in Sources */ = {isa = PBXBuildFile; fileRef = 42991D0D1BAB6AD400CB04AB /* main.cpp */; };
/* End PBXBuildFile section */

/* Begin PBXCopyFilesBuildPhase section */
		42991D081BAB6AD400CB04AB /* CopyFiles */ = {
			isa = PBXCopyFilesBuildPhase;
			buildActionMask = 2147483647;
			dstPath = /usr/share/man/man1/;
			dstSubfolderSpec = 0;
			files = (
			);
			runOnlyForDeploymentPostprocessing = 1;
		};
/* End PBXCopyFilesBuildPhase section */

/* Begin PBXFileReference section */
		42991D0A1BAB6AD400CB04AB /* SelfControl */ = {isa = PBXFileReference; explicitFileType = "compiled.mach-o.executable"; includeInIndex = 0; path = SelfControl; sourceTree = BUILT_PRODUCTS_DIR; };
		42991D0D1BAB6AD400CB04AB /* main.cpp */ = {isa = PBXFileReference; lastKnownFileType = sourcecode.cpp.cpp; path = main.cpp; sourceTree = "<group>"; };
/* End PBXFileReference section */

/* Begin PBXFrameworksBuildPhase section */
		42991D071BAB6AD400CB04AB /* Frameworks */ = {
			isa = PBXFrameworksBuildPhase;
			buildActionMask = 2147483647;
			files = (
			);
			runOnlyForDeploymentPostprocessing = 0;
		};
/* End PBXFrameworksBuildPhase section */

/* Begin PBXGroup section */
		42991D011BAB6AD400CB04AB = {
			isa = PBXGroup;
			children = (
				42991D0C1BAB6AD400CB04AB /* SelfControl */,
				42991D0B1BAB6AD400CB04AB /* Products */,
			);
			sourceTree = "<group>";
		};
		42991D0B1BAB6AD400CB04AB /* Products */ = {
			isa = PBXGroup;
			children = (
				42991D0A1BAB6AD400CB04AB /* SelfControl */,
			);
			name = Products;
			sourceTree = "<group>";
		};
		42991D0C1BAB6AD400CB04AB /* SelfControl */ = {
			isa = PBXGroup;
			children = (
				42991D0D1BAB6AD400CB04AB /* main.cpp */,
			);
			path = SelfControl;
			sourceTree = "<group>";
		};
/* End PBXGroup section */

/* Begin PBXNativeTarget section */
		42991D091BAB6AD400CB04AB /* SelfControl */ = {
			isa = PBXNativeTarget;
			buildConfigurationList = 42991D111BAB6AD400CB04AB /* Build configuration list for PBXNativeTarget "SelfControl" */;
			buildPhases = (
				42991D061BAB6AD400CB04AB /* Sources */,
				42991D071BAB6AD400CB04AB /* Frameworks */,
				42991D081BAB6AD400CB04AB /* CopyFiles */,
			);
			buildRules = (
			);
			dependencies = (
			);
			name = SelfControl;
			productName = SelfControl;
			productReference = 42991D0A1BAB6AD400CB04AB /* SelfControl */;
			productType = "com.apple.product-type.tool";
		};
/* End PBXNativeTarget section */

/* Begin PBXProject section */
		42991D021BAB6AD400CB04AB /* Project object */ = {
			isa = PBXProject;
			attributes = {
				LastUpgradeCheck = 0640;
				ORGANIZATIONNAME = Zestinc;
				TargetAttributes = {
					42991D091BAB6AD400CB04AB = {
						CreatedOnToolsVersion = 6.4;
					};
				};
			};
			buildConfigurationList = 42991D051BAB6AD400CB04AB /* Build configuration list for PBXProject "SelfControl" */;
			compatibilityVersion = "Xcode 3.2";
			developmentRegion = English;
			hasScannedForEncodings = 0;
			knownRegions = (
				en,
			);
			mainGroup = 42991D011BAB6AD400CB04AB;
			productRefGroup = 42991D0B1BAB6AD400CB04AB /* Products */;
			projectDirPath = "";
			projectRoot = "";
			targets = (
				42991D091BAB6AD400CB04AB /* SelfControl */,
			);
		};
/* End PBXProject section */

/* Begin PBXSourcesBuildPhase section */
		42991D061BAB6AD400CB04AB /* Sources */ = {
			isa = PBXSourcesBuildPhase;
			buildActionMask = 2147483647;
			files = (
				42991D0E1BAB6AD400CB04AB /* main.cpp in Sources */,
			);
			runOnlyForDeploymentPostprocessing = 0;
		};
/* End PBXSourcesBuildPhase section */

/* Begin XCBuildConfiguration section */
		42991D0F1BAB6AD400CB04AB /* Debug */ = {
			isa = XCBuildConfiguration;
			buildSettings = {
				ALWAYS_SEARCH_USER_PATHS = NO;
				CLANG_CXX_LANGUAGE_STANDARD = "gnu++0x";
				CLANG_CXX_LIBRARY = "libc++";
				CLANG_ENABLE_MODULES = YES;
				CLANG_ENABLE_OBJC_ARC = YES;
				CLANG_WARN_BOOL_CONVERSION = YES;
				CLANG_WARN_CONSTANT_CONVERSION = YES;
				CLANG_WARN_DIRECT_OBJC_ISA_USAGE = YES_ERROR;
				CLANG_WARN_EMPTY_BODY = YES;
				CLANG_WARN_ENUM_CONVERSION = YES;
				CLANG_WARN_INT_CONVERSION = YES;
				CLANG_WARN_OBJC_ROOT_CLASS = YES_ERROR;
				CLANG_WARN_UNREACHABLE_CODE = YES;
				CLANG_WARN__DUPLICATE_METHOD_MATCH = YES;
				COPY_PHASE_STRIP = NO;
				DEBUG_INFORMATION_FORMAT = dwarf;
				ENABLE_STRICT_OBJC_MSGSEND = YES;
				GCC_C_LANGUAGE_STANDARD = gnu99;
				GCC_DYNAMIC_NO_PIC = NO;
				GCC_NO_COMMON_BLOCKS = YES;
				GCC_OPTIMIZATION_LEVEL = 0;
				GCC_PREPROCESSOR_DEFINITIONS = (
					"DEBUG=1",
					"$(inherited)",
				);
				GCC_SYMBOLS_PRIVATE_EXTERN = NO;
				GCC_WARN_64_TO_32_BIT_CONVERSION = YES;
				GCC_WARN_ABOUT_RETURN_TYPE = YES_ERROR;
				GCC_WARN_UNDECLARED_SELECTOR = YES;
				GCC_WARN_UNINITIALIZED_AUTOS = YES_AGGRESSIVE;
				GCC_WARN_UNUSED_FUNCTION = YES;
				GCC_WARN_UNUSED_VARIABLE = YES;
				MACOSX_DEPLOYMENT_TARGET = 10.10;
				MTL_ENABLE_DEBUG_INFO = YES;
				ONLY_ACTIVE_ARCH = YES;
				SDKROOT = macosx;
			};
			name = Debug;
		};
		42991D101BAB6AD400CB04AB /* Release */ = {
			isa = XCBuildConfiguration;
			buildSettings = {
				ALWAYS_SEARCH_USER_PATHS = NO;
				CLANG_CXX_LANGUAGE_STANDARD = "gnu++0x";
				CLANG_CXX_LIBRARY = "libc++";
				CLANG_ENABLE_MODULES = YES;
				CLANG_ENABLE_OBJC_ARC = YES;
				CLANG_WARN_BOOL_CONVERSION = YES;
				CLANG_WARN_CONSTANT_CONVERSION = YES;
				CLANG_WARN_DIRECT_OBJC_ISA_USAGE = YES_ERROR;
				CLANG_WARN_EMPTY_BODY = YES;
				CLANG_WARN_ENUM_CONVERSION = YES;
				CLANG_WARN_INT_CONVERSION = YES;
				CLANG_WARN_OBJC_ROOT_CLASS = YES_ERROR;
				CLANG_WARN_UNREACHABLE_CODE = YES;
				CLANG_WARN__DUPLICATE_METHOD_MATCH = YES;
				COPY_PHASE_STRIP = NO;
				DEBUG_INFORMATION_FORMAT = "dwarf-with-dsym";
				ENABLE_NS_ASSERTIONS = NO;
				ENABLE_STRICT_OBJC_MSGSEND = YES;
				GCC_C_LANGUAGE_STANDARD = gnu99;
				GCC_NO_COMMON_BLOCKS = YES;
				GCC_WARN_64_TO_32_BIT_CONVERSION = YES;
				GCC_WARN_ABOUT_RETURN_TYPE = YES_ERROR;
				GCC_WARN_UNDECLARED_SELECTOR = YES;
				GCC_WARN_UNINITIALIZED_AUTOS = YES_AGGRESSIVE;
				GCC_WARN_UNUSED_FUNCTION = YES;
				GCC_WARN_UNUSED_VARIABLE = YES;
				MACOSX_DEPLOYMENT_TARGET = 10.10;
				MTL_ENABLE_DEBUG_INFO = NO;
				SDKROOT = macosx;
			};
			name = Release;
		};
		42991D121BAB6AD400CB04AB /* Debug */ = {
			isa = XCBuildConfiguration;
			buildSettings = {
				PRODUCT_NAME = "$(TARGET_NAME)";
			};
			name = Debug;
		};
		42991D131BAB6AD400CB04AB /* Release */ = {
			isa = XCBuildConfiguration;
			buildSettings = {
				PRODUCT_NAME = "$(TARGET_NAME)";
			};
			name = Release;
		};
/* End XCBuildConfiguration section */

/* Begin XCConfigurationList section */
		42991D051BAB6AD400CB04AB /* Build configuration list for PBXProject "SelfControl" */ = {
			isa = XCConfigurationList;
			buildConfigurations = (
				42991D0F1BAB6AD400CB04AB /* Debug */,
				42991D101BAB6AD400CB04AB /* Release */,
			);
			defaultConfigurationIsVisible = 0;
			defaultConfigurationName = Release;
		};
		42991D111BAB6AD400CB04AB /* Build configuration list for PBXNativeTarget "SelfControl" */ = {
			isa = XCConfigurationList;
			buildConfigurations = (
				42991D121BAB6AD400CB04AB /* Debug */,
				42991D131BAB6AD400CB04AB /* Release */,
			);
			defaultConfigurationIsVisible = 0;
		};
/* End XCConfigurationList section */
	};
	rootObject = 42991D021BAB6AD400CB04AB /* Project object */;
}
